
Microsoft Visual Studio Solution File, Format Version 12.00
# Visual Studio Version 16
VisualStudioVersion = 16.0.29403.142
MinimumVisualStudioVersion = 10.0.40219.1
Project("{FAE04EC0-301F-11D3-BF4B-00C04F79EFBC}") = "Kidly.Interview.Web", "Kidly.Interview.Web\Kidly.Interview.Web.csproj", "{6BD14ADD-0F51-49A4-90B4-BB094655155B}"
EndProject
Global
	GlobalSection(SolutionConfigurationPlatforms) = preSolution
		Debug|Any CPU = Debug|Any CPU
		Release|Any CPU = Release|Any CPU
	EndGlobalSection
	GlobalSection(ProjectConfigurationPlatforms) = postSolution
		{6BD14ADD-0F51-49A4-90B4-BB094655155B}.Debug|Any CPU.ActiveCfg = Debug|Any CPU
		{6BD14ADD-0F51-49A4-90B4-BB094655155B}.Debug|Any CPU.Build.0 = Debug|Any CPU
		{6BD14ADD-0F51-49A4-90B4-BB094655155B}.Release|Any CPU.ActiveCfg = Release|Any CPU
		{6BD14ADD-0F51-49A4-90B4-BB094655155B}.Release|Any CPU.Build.0 = Release|Any CPU
	EndGlobalSection
	GlobalSection(SolutionProperties) = preSolution
		HideSolutionNode = FALSE
	EndGlobalSection
	GlobalSection(ExtensibilityGlobals) = postSolution
		SolutionGuid = {2E98B724-025A-4BB4-A8A3-7F37076CAE54}
	EndGlobalSection
EndGlobal
